
Microsoft Visual Studio Solution File, Format Version 12.00
# Visual Studio Version 17
VisualStudioVersion = 17.5.33516.290
MinimumVisualStudioVersion = 10.0.40219.1
Project("{FAE04EC0-301F-11D3-BF4B-00C04F79EFBC}") = "exam-hall-seating", "exam-hall-seating\exam-hall-seating.csproj", "{F806C920-F9A0-499C-9AB0-05E2B8E99062}"
EndProject
Global
	GlobalSection(SolutionConfigurationPlatforms) = preSolution
		Debug|Any CPU = Debug|Any CPU
		Release|Any CPU = Release|Any CPU
	EndGlobalSection
	GlobalSection(ProjectConfigurationPlatforms) = postSolution
		{F806C920-F9A0-499C-9AB0-05E2B8E99062}.Debug|Any CPU.ActiveCfg = Debug|Any CPU
		{F806C920-F9A0-499C-9AB0-05E2B8E99062}.Debug|Any CPU.Build.0 = Debug|Any CPU
		{F806C920-F9A0-499C-9AB0-05E2B8E99062}.Release|Any CPU.ActiveCfg = Release|Any CPU
		{F806C920-F9A0-499C-9AB0-05E2B8E99062}.Release|Any CPU.Build.0 = Release|Any CPU
	EndGlobalSection
	GlobalSection(SolutionProperties) = preSolution
		HideSolutionNode = FALSE
	EndGlobalSection
	GlobalSection(ExtensibilityGlobals) = postSolution
		SolutionGuid = {14BEFD1E-7BAA-425C-8291-732BFF64EB21}
	EndGlobalSection
EndGlobal
